{
  "name": "Frontend",
  "lockfileVersion": 2,
  "requires": true,
  "packages": {
    "": {
      "dependencies": {
        "ng-zorro-antd": "^13.1.1"
      }
    },
    "node_modules/@angular/animations": {
      "version": "13.3.3",
      "resolved": "https://registry.npmjs.org/@angular/animations/-/animations-13.3.3.tgz",
      "integrity": "sha512-rP1e0XYjHxPCnvSN3k0ZCBTfIvpKbFI8fxlZMD85PI9HAko5Dc1Y5XCWrcMzdCF4C5nfqbzfzuZke5H3Y46AVQ==",
      "peer": true,
      "dependencies": {
        "tslib": "^2.3.0"
      },
      "engines": {
        "node": "^12.20.0 || ^14.15.0 || >=16.10.0"
      },
      "peerDependencies": {
        "@angular/core": "13.3.3"
      }
    },
    "node_modules/@angular/cdk": {
      "version": "13.3.3",
      "resolved": "https://registry.npmjs.org/@angular/cdk/-/cdk-13.3.3.tgz",
      "integrity": "sha512-dzd31mta2VwffxbeO4CelMqb7WswLnkC/r2QZXySnc0CTmj44HqXkqdZuEvVgxaKRVpxsYeuBuhhhy8U00YMOw==",
      "dependencies": {
        "tslib": "^2.3.0"
      },
      "optionalDependencies": {
        "parse5": "^5.0.0"
      },
      "peerDependencies": {
        "@angular/common": "^13.0.0 || ^14.0.0-0",
        "@angular/core": "^13.0.0 || ^14.0.0-0",
        "rxjs": "^6.5.3 || ^7.4.0"
      }
    },
    "node_modules/@angular/common": {
      "version": "13.3.3",
      "resolved": "https://registry.npmjs.org/@angular/common/-/common-13.3.3.tgz",
      "integrity": "sha512-W5rZyuilGAA+tHoTbvHHu11efUBssiiX9BKg2rQAwbdnG+hZfNs0ze28Y+2bwjTDkbLsXsQwm30gs2uie7aMyA==",
      "peer": true,
      "dependencies": {
        "tslib": "^2.3.0"
      },
      "engines": {
        "node": "^12.20.0 || ^14.15.0 || >=16.10.0"
      },
      "peerDependencies": {
        "@angular/core": "13.3.3",
        "rxjs": "^6.5.3 || ^7.4.0"
      }
    },
    "node_modules/@angular/core": {
      "version": "13.3.3",
      "resolved": "https://registry.npmjs.org/@angular/core/-/core-13.3.3.tgz",
      "integrity": "sha512-zVsAuR1qT2QEUXDk8ANs+pCnxH7ckKAD+rJXoxI1Br94Ey1o7lNXu/GPJtTqxDbsRd7sGqMMQRti36t2CA5QhA==",
      "peer": true,
      "dependencies": {
        "tslib": "^2.3.0"
      },
      "engines": {
        "node": "^12.20.0 || ^14.15.0 || >=16.10.0"
      },
      "peerDependencies": {
        "rxjs": "^6.5.3 || ^7.4.0",
        "zone.js": "~0.11.4"
      }
    },
    "node_modules/@angular/forms": {
      "version": "13.3.3",
      "resolved": "https://registry.npmjs.org/@angular/forms/-/forms-13.3.3.tgz",
      "integrity": "sha512-C89b7Uu7Acpm+0/JDczIqhNJTEJPdskmnx7AybAoSfBPs9QUSP8irRFKY7UtmE8E/Q2m03xqWRDa8CpP9Rt6Hw==",
      "peer": true,
      "dependencies": {
        "tslib": "^2.3.0"
      },
      "engines": {
        "node": "^12.20.0 || ^14.15.0 || >=16.10.0"
      },
      "peerDependencies": {
        "@angular/common": "13.3.3",
        "@angular/core": "13.3.3",
        "@angular/platform-browser": "13.3.3",
        "rxjs": "^6.5.3 || ^7.4.0"
      }
    },
    "node_modules/@angular/platform-browser": {
      "version": "13.3.3",
      "resolved": "https://registry.npmjs.org/@angular/platform-browser/-/platform-browser-13.3.3.tgz",
      "integrity": "sha512-feVOGwjAZOR4aObjcEaXsj1NH6021sv0bWKSGBVNrR0RuHBXVfF0vRPAhdq3IAL1OcutriHGR52KS7t5x+nChw==",
      "peer": true,
      "dependencies": {
        "tslib": "^2.3.0"
      },
      "engines": {
        "node": "^12.20.0 || ^14.15.0 || >=16.10.0"
      },
      "peerDependencies": {
        "@angular/animations": "13.3.3",
        "@angular/common": "13.3.3",
        "@angular/core": "13.3.3"
      },
      "peerDependenciesMeta": {
        "@angular/animations": {
          "optional": true
        }
      }
    },
    "node_modules/@angular/router": {
      "version": "13.3.3",
      "resolved": "https://registry.npmjs.org/@angular/router/-/router-13.3.3.tgz",
      "integrity": "sha512-8RMUPT5eLKgs+I72MD7vBXvdGwhxPzCAmICH6aUkq8qZKnbLh0Qeh4ZLM7xLH+b3HRrrT64fSrKP4CCGwAmA9Q==",
      "peer": true,
      "dependencies": {
        "tslib": "^2.3.0"
      },
      "engines": {
        "node": "^12.20.0 || ^14.15.0 || >=16.10.0"
      },
      "peerDependencies": {
        "@angular/common": "13.3.3",
        "@angular/core": "13.3.3",
        "@angular/platform-browser": "13.3.3",
        "rxjs": "^6.5.3 || ^7.4.0"
      }
    },
    "node_modules/@ant-design/colors": {
      "version": "5.1.1",
      "resolved": "https://registry.npmjs.org/@ant-design/colors/-/colors-5.1.1.tgz",
      "integrity": "sha512-Txy4KpHrp3q4XZdfgOBqLl+lkQIc3tEvHXOimRN1giX1AEC7mGtyrO9p8iRGJ3FLuVMGa2gNEzQyghVymLttKQ==",
      "dependencies": {
        "@ctrl/tinycolor": "^3.3.1"
      }
    },
    "node_modules/@ant-design/icons-angular": {
      "version": "13.1.0",
      "resolved": "https://registry.npmjs.org/@ant-design/icons-angular/-/icons-angular-13.1.0.tgz",
      "integrity": "sha512-bQ1pxiDmR8Hx7kUwQImxLGAtexv0uDCCMlKSWdyaw39TnNAPz+Hls0XL+UqVIjHgt/D4R8tkmSMpx3eBGFIY/Q==",
      "dependencies": {
        "@ant-design/colors": "^5.0.0",
        "tslib": "^2.0.0"
      },
      "peerDependencies": {
        "@angular/common": "^13.0.1",
        "@angular/core": "^13.0.0",
        "@angular/platform-browser": "^13.0.1",
        "rxjs": "^6.4.0 || ^7.4.0"
      }
    },
    "node_modules/@ctrl/tinycolor": {
      "version": "3.4.1",
      "resolved": "https://registry.npmjs.org/@ctrl/tinycolor/-/tinycolor-3.4.1.tgz",
      "integrity": "sha512-ej5oVy6lykXsvieQtqZxCOaLT+xD4+QNarq78cIYISHmZXshCvROLudpQN3lfL8G0NL7plMSSK+zlyvCaIJ4Iw==",
      "engines": {
        "node": ">=10"
      }
    },
    "node_modules/date-fns": {
      "version": "2.28.0",
      "resolved": "https://registry.npmjs.org/date-fns/-/date-fns-2.28.0.tgz",
      "integrity": "sha512-8d35hViGYx/QH0icHYCeLmsLmMUheMmTyV9Fcm6gvNwdw31yXXH+O85sOBJ+OLnLQMKZowvpKb6FgMIQjcpvQw==",
      "engines": {
        "node": ">=0.11"
      },
      "funding": {
        "type": "opencollective",
        "url": "https://opencollective.com/date-fns"
      }
    },
    "node_modules/ng-zorro-antd": {
      "version": "13.1.1",
      "resolved": "https://registry.npmjs.org/ng-zorro-antd/-/ng-zorro-antd-13.1.1.tgz",
      "integrity": "sha512-4haER9G+OlbAG66elL0lp/QO1jOKoyt79BVYw3bILDUSMBVWCe1UGKaIG47BCybLYFV0qcL8AiDuIGNLkddbjg==",
      "dependencies": {
        "@angular/cdk": "^13.0.1",
        "@ant-design/icons-angular": "^13.0.1",
        "date-fns": "^2.16.1",
        "tslib": "^2.3.0"
      },
      "peerDependencies": {
        "@angular/animations": "^13.0.1",
        "@angular/common": "^13.0.1",
        "@angular/core": "^13.0.1",
        "@angular/forms": "^13.0.1",
        "@angular/platform-browser": "^13.0.1",
        "@angular/router": "^13.0.1"
      }
    },
    "node_modules/parse5": {
      "version": "5.1.1",
      "resolved": "https://registry.npmjs.org/parse5/-/parse5-5.1.1.tgz",
      "integrity": "sha512-ugq4DFI0Ptb+WWjAdOK16+u/nHfiIrcE+sh8kZMaM0WllQKLI9rOUq6c2b7cwPkXdzfQESqvoqK6ug7U/Yyzug==",
      "optional": true
    },
    "node_modules/rxjs": {
      "version": "7.5.5",
      "resolved": "https://registry.npmjs.org/rxjs/-/rxjs-7.5.5.tgz",
      "integrity": "sha512-sy+H0pQofO95VDmFLzyaw9xNJU4KTRSwQIGM6+iG3SypAtCiLDzpeG8sJrNCWn2Up9km+KhkvTdbkrdy+yzZdw==",
      "peer": true,
      "dependencies": {
        "tslib": "^2.1.0"
      }
    },
    "node_modules/tslib": {
      "version": "2.3.1",
      "resolved": "https://registry.npmjs.org/tslib/-/tslib-2.3.1.tgz",
      "integrity": "sha512-77EbyPPpMz+FRFRuAFlWMtmgUWGe9UOG2Z25NqCwiIjRhOf5iKGuzSe5P2w1laq+FkRy4p+PCuVkJSGkzTEKVw=="
    },
    "node_modules/zone.js": {
      "version": "0.11.5",
      "resolved": "https://registry.npmjs.org/zone.js/-/zone.js-0.11.5.tgz",
      "integrity": "sha512-D1/7VxEuQ7xk6z/kAROe4SUbd9CzxY4zOwVGnGHerd/SgLIVU5f4esDzQUsOCeArn933BZfWMKydH7l7dPEp0g==",
      "peer": true,
      "dependencies": {
        "tslib": "^2.3.0"
      }
    }
  },
  "dependencies": {
    "@angular/animations": {
      "version": "13.3.3",
      "resolved": "https://registry.npmjs.org/@angular/animations/-/animations-13.3.3.tgz",
      "integrity": "sha512-rP1e0XYjHxPCnvSN3k0ZCBTfIvpKbFI8fxlZMD85PI9HAko5Dc1Y5XCWrcMzdCF4C5nfqbzfzuZke5H3Y46AVQ==",
      "peer": true,
      "requires": {
        "tslib": "^2.3.0"
      }
    },
    "@angular/cdk": {
      "version": "13.3.3",
      "resolved": "https://registry.npmjs.org/@angular/cdk/-/cdk-13.3.3.tgz",
      "integrity": "sha512-dzd31mta2VwffxbeO4CelMqb7WswLnkC/r2QZXySnc0CTmj44HqXkqdZuEvVgxaKRVpxsYeuBuhhhy8U00YMOw==",
      "requires": {
        "parse5": "^5.0.0",
        "tslib": "^2.3.0"
      }
    },
    "@angular/common": {
      "version": "13.3.3",
      "resolved": "https://registry.npmjs.org/@angular/common/-/common-13.3.3.tgz",
      "integrity": "sha512-W5rZyuilGAA+tHoTbvHHu11efUBssiiX9BKg2rQAwbdnG+hZfNs0ze28Y+2bwjTDkbLsXsQwm30gs2uie7aMyA==",
      "peer": true,
      "requires": {
        "tslib": "^2.3.0"
      }
    },
    "@angular/core": {
      "version": "13.3.3",
      "resolved": "https://registry.npmjs.org/@angular/core/-/core-13.3.3.tgz",
      "integrity": "sha512-zVsAuR1qT2QEUXDk8ANs+pCnxH7ckKAD+rJXoxI1Br94Ey1o7lNXu/GPJtTqxDbsRd7sGqMMQRti36t2CA5QhA==",
      "peer": true,
      "requires": {
        "tslib": "^2.3.0"
      }
    },
    "@angular/forms": {
      "version": "13.3.3",
      "resolved": "https://registry.npmjs.org/@angular/forms/-/forms-13.3.3.tgz",
      "integrity": "sha512-C89b7Uu7Acpm+0/JDczIqhNJTEJPdskmnx7AybAoSfBPs9QUSP8irRFKY7UtmE8E/Q2m03xqWRDa8CpP9Rt6Hw==",
      "peer": true,
      "requires": {
        "tslib": "^2.3.0"
      }
    },
    "@angular/platform-browser": {
      "version": "13.3.3",
      "resolved": "https://registry.npmjs.org/@angular/platform-browser/-/platform-browser-13.3.3.tgz",
      "integrity": "sha512-feVOGwjAZOR4aObjcEaXsj1NH6021sv0bWKSGBVNrR0RuHBXVfF0vRPAhdq3IAL1OcutriHGR52KS7t5x+nChw==",
      "peer": true,
      "requires": {
        "tslib": "^2.3.0"
      }
    },
    "@angular/router": {
      "version": "13.3.3",
      "resolved": "https://registry.npmjs.org/@angular/router/-/router-13.3.3.tgz",
      "integrity": "sha512-8RMUPT5eLKgs+I72MD7vBXvdGwhxPzCAmICH6aUkq8qZKnbLh0Qeh4ZLM7xLH+b3HRrrT64fSrKP4CCGwAmA9Q==",
      "peer": true,
      "requires": {
        "tslib": "^2.3.0"
      }
    },
    "@ant-design/colors": {
      "version": "5.1.1",
      "resolved": "https://registry.npmjs.org/@ant-design/colors/-/colors-5.1.1.tgz",
      "integrity": "sha512-Txy4KpHrp3q4XZdfgOBqLl+lkQIc3tEvHXOimRN1giX1AEC7mGtyrO9p8iRGJ3FLuVMGa2gNEzQyghVymLttKQ==",
      "requires": {
        "@ctrl/tinycolor": "^3.3.1"
      }
    },
    "@ant-design/icons-angular": {
      "version": "13.1.0",
      "resolved": "https://registry.npmjs.org/@ant-design/icons-angular/-/icons-angular-13.1.0.tgz",
      "integrity": "sha512-bQ1pxiDmR8Hx7kUwQImxLGAtexv0uDCCMlKSWdyaw39TnNAPz+Hls0XL+UqVIjHgt/D4R8tkmSMpx3eBGFIY/Q==",
      "requires": {
        "@ant-design/colors": "^5.0.0",
        "tslib": "^2.0.0"
      }
    },
    "@ctrl/tinycolor": {
      "version": "3.4.1",
      "resolved": "https://registry.npmjs.org/@ctrl/tinycolor/-/tinycolor-3.4.1.tgz",
      "integrity": "sha512-ej5oVy6lykXsvieQtqZxCOaLT+xD4+QNarq78cIYISHmZXshCvROLudpQN3lfL8G0NL7plMSSK+zlyvCaIJ4Iw=="
    },
    "date-fns": {
      "version": "2.28.0",
      "resolved": "https://registry.npmjs.org/date-fns/-/date-fns-2.28.0.tgz",
      "integrity": "sha512-8d35hViGYx/QH0icHYCeLmsLmMUheMmTyV9Fcm6gvNwdw31yXXH+O85sOBJ+OLnLQMKZowvpKb6FgMIQjcpvQw=="
    },
    "ng-zorro-antd": {
      "version": "13.1.1",
      "resolved": "https://registry.npmjs.org/ng-zorro-antd/-/ng-zorro-antd-13.1.1.tgz",
      "integrity": "sha512-4haER9G+OlbAG66elL0lp/QO1jOKoyt79BVYw3bILDUSMBVWCe1UGKaIG47BCybLYFV0qcL8AiDuIGNLkddbjg==",
      "requires": {
        "@angular/cdk": "^13.0.1",
        "@ant-design/icons-angular": "^13.0.1",
        "date-fns": "^2.16.1",
        "tslib": "^2.3.0"
      }
    },
    "parse5": {
      "version": "5.1.1",
      "resolved": "https://registry.npmjs.org/parse5/-/parse5-5.1.1.tgz",
      "integrity": "sha512-ugq4DFI0Ptb+WWjAdOK16+u/nHfiIrcE+sh8kZMaM0WllQKLI9rOUq6c2b7cwPkXdzfQESqvoqK6ug7U/Yyzug==",
      "optional": true
    },
    "rxjs": {
      "version": "7.5.5",
      "resolved": "https://registry.npmjs.org/rxjs/-/rxjs-7.5.5.tgz",
      "integrity": "sha512-sy+H0pQofO95VDmFLzyaw9xNJU4KTRSwQIGM6+iG3SypAtCiLDzpeG8sJrNCWn2Up9km+KhkvTdbkrdy+yzZdw==",
      "peer": true,
      "requires": {
        "tslib": "^2.1.0"
      }
    },
    "tslib": {
      "version": "2.3.1",
      "resolved": "https://registry.npmjs.org/tslib/-/tslib-2.3.1.tgz",
      "integrity": "sha512-77EbyPPpMz+FRFRuAFlWMtmgUWGe9UOG2Z25NqCwiIjRhOf5iKGuzSe5P2w1laq+FkRy4p+PCuVkJSGkzTEKVw=="
    },
    "zone.js": {
      "version": "0.11.5",
      "resolved": "https://registry.npmjs.org/zone.js/-/zone.js-0.11.5.tgz",
      "integrity": "sha512-D1/7VxEuQ7xk6z/kAROe4SUbd9CzxY4zOwVGnGHerd/SgLIVU5f4esDzQUsOCeArn933BZfWMKydH7l7dPEp0g==",
      "peer": true,
      "requires": {
        "tslib": "^2.3.0"
      }
    }
  }
}
